
Microsoft Visual Studio Solution File, Format Version 12.00
# Visual Studio Version 17
VisualStudioVersion = 17.11.35327.3
MinimumVisualStudioVersion = 10.0.40219.1
Project("{FAE04EC0-301F-11D3-BF4B-00C04F79EFBC}") = "AccurateApparatus", "AccurateApparatus\AccurateApparatus.csproj", "{9663E39F-EC79-4446-BDF9-11A003A50B32}"
EndProject
Global
	GlobalSection(SolutionConfigurationPlatforms) = preSolution
		Debug|Any CPU = Debug|Any CPU
		Release|Any CPU = Release|Any CPU
	EndGlobalSection
	GlobalSection(ProjectConfigurationPlatforms) = postSolution
		{9663E39F-EC79-4446-BDF9-11A003A50B32}.Debug|Any CPU.ActiveCfg = Debug|Any CPU
		{9663E39F-EC79-4446-BDF9-11A003A50B32}.Debug|Any CPU.Build.0 = Debug|Any CPU
		{9663E39F-EC79-4446-BDF9-11A003A50B32}.Release|Any CPU.ActiveCfg = Release|Any CPU
		{9663E39F-EC79-4446-BDF9-11A003A50B32}.Release|Any CPU.Build.0 = Release|Any CPU
	EndGlobalSection
	GlobalSection(SolutionProperties) = preSolution
		HideSolutionNode = FALSE
	EndGlobalSection
	GlobalSection(ExtensibilityGlobals) = postSolution
		SolutionGuid = {C7771F6E-ED04-48EF-AFF1-BFBD6979ED42}
	EndGlobalSection
EndGlobal
